// !$*UTF8*$!
{
	archiveVersion = 1;
	classes = {
	};
	objectVersion = 56;
	objects = {

/* Begin PBXBuildFile section */
		88E238172C16612E00D09F3F /* ColorThemeConfig.swift in Sources */ = {isa = PBXBuildFile; fileRef = 88E238162C16612E00D09F3F /* ColorThemeConfig.swift */; };
		88E238C72C1D132300D09F3F /* CardViewController.swift in Sources */ = {isa = PBXBuildFile; fileRef = 88E238C62C1D132300D09F3F /* CardViewController.swift */; };
		88E238C92C1D1A2100D09F3F /* CardLabelValueDisplayConfig.swift in Sources */ = {isa = PBXBuildFile; fileRef = 88E238C82C1D1A2000D09F3F /* CardLabelValueDisplayConfig.swift */; };
		88E238CB2C1D30B800D09F3F /* CardLabelValueDisplayItemConfig.swift in Sources */ = {isa = PBXBuildFile; fileRef = 88E238CA2C1D30B800D09F3F /* CardLabelValueDisplayItemConfig.swift */; };
		88F1B94D2C13BCE50040EF3D /* AppDelegate.swift in Sources */ = {isa = PBXBuildFile; fileRef = 88F1B94C2C13BCE50040EF3D /* AppDelegate.swift */; };
		88F1B94F2C13BCE50040EF3D /* SceneDelegate.swift in Sources */ = {isa = PBXBuildFile; fileRef = 88F1B94E2C13BCE50040EF3D /* SceneDelegate.swift */; };
		88F1B9562C13BCE70040EF3D /* Assets.xcassets in Resources */ = {isa = PBXBuildFile; fileRef = 88F1B9552C13BCE70040EF3D /* Assets.xcassets */; };
		88F1B9592C13BCE70040EF3D /* LaunchScreen.storyboard in Resources */ = {isa = PBXBuildFile; fileRef = 88F1B9572C13BCE70040EF3D /* LaunchScreen.storyboard */; };
		88F1B9632C13BFA90040EF3D /* Route.swift in Sources */ = {isa = PBXBuildFile; fileRef = 88F1B9612C13BFA90040EF3D /* Route.swift */; };
		88F1B9652C13BFED0040EF3D /* Test01ViewController.swift in Sources */ = {isa = PBXBuildFile; fileRef = 88F1B9642C13BFEC0040EF3D /* Test01ViewController.swift */; };
		88F1B9682C13C2030040EF3D /* ConfigBasedModal in Frameworks */ = {isa = PBXBuildFile; productRef = 88F1B9672C13C2030040EF3D /* ConfigBasedModal */; };
		88F1B96D2C13FD630040EF3D /* Colors.swift in Sources */ = {isa = PBXBuildFile; fileRef = 88F1B96C2C13FD620040EF3D /* Colors.swift */; };
		88F1B9752C15E3D30040EF3D /* CardContentItem.swift in Sources */ = {isa = PBXBuildFile; fileRef = 88F1B9742C15E3D30040EF3D /* CardContentItem.swift */; };
		88F1B9772C15E4050040EF3D /* CardConfig.swift in Sources */ = {isa = PBXBuildFile; fileRef = 88F1B9762C15E4050040EF3D /* CardConfig.swift */; };
/* End PBXBuildFile section */

/* Begin PBXFileReference section */
		88E238162C16612E00D09F3F /* ColorThemeConfig.swift */ = {isa = PBXFileReference; lastKnownFileType = sourcecode.swift; path = ColorThemeConfig.swift; sourceTree = "<group>"; };
		88E238C62C1D132300D09F3F /* CardViewController.swift */ = {isa = PBXFileReference; lastKnownFileType = sourcecode.swift; path = CardViewController.swift; sourceTree = "<group>"; };
		88E238C82C1D1A2000D09F3F /* CardLabelValueDisplayConfig.swift */ = {isa = PBXFileReference; lastKnownFileType = sourcecode.swift; path = CardLabelValueDisplayConfig.swift; sourceTree = "<group>"; };
		88E238CA2C1D30B800D09F3F /* CardLabelValueDisplayItemConfig.swift */ = {isa = PBXFileReference; lastKnownFileType = sourcecode.swift; path = CardLabelValueDisplayItemConfig.swift; sourceTree = "<group>"; };
		88F1B9492C13BCE50040EF3D /* ConfigBasedModalExample.app */ = {isa = PBXFileReference; explicitFileType = wrapper.application; includeInIndex = 0; path = ConfigBasedModalExample.app; sourceTree = BUILT_PRODUCTS_DIR; };
		88F1B94C2C13BCE50040EF3D /* AppDelegate.swift */ = {isa = PBXFileReference; lastKnownFileType = sourcecode.swift; path = AppDelegate.swift; sourceTree = "<group>"; };
		88F1B94E2C13BCE50040EF3D /* SceneDelegate.swift */ = {isa = PBXFileReference; lastKnownFileType = sourcecode.swift; path = SceneDelegate.swift; sourceTree = "<group>"; };
		88F1B9552C13BCE70040EF3D /* Assets.xcassets */ = {isa = PBXFileReference; lastKnownFileType = folder.assetcatalog; path = Assets.xcassets; sourceTree = "<group>"; };
		88F1B9582C13BCE70040EF3D /* Base */ = {isa = PBXFileReference; lastKnownFileType = file.storyboard; name = Base; path = Base.lproj/LaunchScreen.storyboard; sourceTree = "<group>"; };
		88F1B95A2C13BCE70040EF3D /* Info.plist */ = {isa = PBXFileReference; lastKnownFileType = text.plist.xml; path = Info.plist; sourceTree = "<group>"; };
		88F1B9612C13BFA90040EF3D /* Route.swift */ = {isa = PBXFileReference; fileEncoding = 4; lastKnownFileType = sourcecode.swift; path = Route.swift; sourceTree = "<group>"; };
		88F1B9642C13BFEC0040EF3D /* Test01ViewController.swift */ = {isa = PBXFileReference; lastKnownFileType = sourcecode.swift; path = Test01ViewController.swift; sourceTree = "<group>"; };
		88F1B9692C13C2850040EF3D /* ConfigBasedModal */ = {isa = PBXFileReference; lastKnownFileType = wrapper; name = ConfigBasedModal; path = ..; sourceTree = "<group>"; };
		88F1B96C2C13FD620040EF3D /* Colors.swift */ = {isa = PBXFileReference; lastKnownFileType = sourcecode.swift; path = Colors.swift; sourceTree = "<group>"; };
		88F1B9742C15E3D30040EF3D /* CardContentItem.swift */ = {isa = PBXFileReference; lastKnownFileType = sourcecode.swift; path = CardContentItem.swift; sourceTree = "<group>"; };
		88F1B9762C15E4050040EF3D /* CardConfig.swift */ = {isa = PBXFileReference; lastKnownFileType = sourcecode.swift; path = CardConfig.swift; sourceTree = "<group>"; };
/* End PBXFileReference section */

/* Begin PBXFrameworksBuildPhase section */
		88F1B9462C13BCE50040EF3D /* Frameworks */ = {
			isa = PBXFrameworksBuildPhase;
			buildActionMask = 2147483647;
			files = (
				88F1B9682C13C2030040EF3D /* ConfigBasedModal in Frameworks */,
			);
			runOnlyForDeploymentPostprocessing = 0;
		};
/* End PBXFrameworksBuildPhase section */

/* Begin PBXGroup section */
		88F1B9402C13BCE50040EF3D = {
			isa = PBXGroup;
			children = (
				88F1B9692C13C2850040EF3D /* ConfigBasedModal */,
				88F1B94B2C13BCE50040EF3D /* ConfigBasedModalExample */,
				88F1B9622C13BFA90040EF3D /* Examples */,
				88F1B9602C13BFA90040EF3D /* Sources */,
				88F1B94A2C13BCE50040EF3D /* Products */,
			);
			sourceTree = "<group>";
		};
		88F1B94A2C13BCE50040EF3D /* Products */ = {
			isa = PBXGroup;
			children = (
				88F1B9492C13BCE50040EF3D /* ConfigBasedModalExample.app */,
			);
			name = Products;
			sourceTree = "<group>";
		};
		88F1B94B2C13BCE50040EF3D /* ConfigBasedModalExample */ = {
			isa = PBXGroup;
			children = (
				88F1B94C2C13BCE50040EF3D /* AppDelegate.swift */,
				88F1B94E2C13BCE50040EF3D /* SceneDelegate.swift */,
				88F1B9552C13BCE70040EF3D /* Assets.xcassets */,
				88F1B9572C13BCE70040EF3D /* LaunchScreen.storyboard */,
				88F1B95A2C13BCE70040EF3D /* Info.plist */,
			);
			path = ConfigBasedModalExample;
			sourceTree = "<group>";
		};
		88F1B9602C13BFA90040EF3D /* Sources */ = {
			isa = PBXGroup;
			children = (
				88F1B9612C13BFA90040EF3D /* Route.swift */,
				88F1B96C2C13FD620040EF3D /* Colors.swift */,
				88F1B9742C15E3D30040EF3D /* CardContentItem.swift */,
				88F1B9762C15E4050040EF3D /* CardConfig.swift */,
				88E238162C16612E00D09F3F /* ColorThemeConfig.swift */,
				88E238C62C1D132300D09F3F /* CardViewController.swift */,
				88E238C82C1D1A2000D09F3F /* CardLabelValueDisplayConfig.swift */,
				88E238CA2C1D30B800D09F3F /* CardLabelValueDisplayItemConfig.swift */,
			);
			path = Sources;
			sourceTree = "<group>";
		};
		88F1B9622C13BFA90040EF3D /* Examples */ = {
			isa = PBXGroup;
			children = (
				88F1B9642C13BFEC0040EF3D /* Test01ViewController.swift */,
			);
			path = Examples;
			sourceTree = "<group>";
		};
/* End PBXGroup section */

/* Begin PBXNativeTarget section */
		88F1B9482C13BCE50040EF3D /* ConfigBasedModalExample */ = {
			isa = PBXNativeTarget;
			buildConfigurationList = 88F1B95D2C13BCE70040EF3D /* Build configuration list for PBXNativeTarget "ConfigBasedModalExample" */;
			buildPhases = (
				88F1B9452C13BCE50040EF3D /* Sources */,
				88F1B9462C13BCE50040EF3D /* Frameworks */,
				88F1B9472C13BCE50040EF3D /* Resources */,
			);
			buildRules = (
			);
			dependencies = (
			);
			name = ConfigBasedModalExample;
			packageProductDependencies = (
				88F1B9672C13C2030040EF3D /* ConfigBasedModal */,
			);
			productName = ConfigBasedModalExample;
			productReference = 88F1B9492C13BCE50040EF3D /* ConfigBasedModalExample.app */;
			productType = "com.apple.product-type.application";
		};
/* End PBXNativeTarget section */

/* Begin PBXProject section */
		88F1B9412C13BCE50040EF3D /* Project object */ = {
			isa = PBXProject;
			attributes = {
				BuildIndependentTargetsInParallel = 1;
				LastSwiftUpdateCheck = 1500;
				LastUpgradeCheck = 1500;
				TargetAttributes = {
					88F1B9482C13BCE50040EF3D = {
						CreatedOnToolsVersion = 15.0;
					};
				};
			};
			buildConfigurationList = 88F1B9442C13BCE50040EF3D /* Build configuration list for PBXProject "ConfigBasedModalExample" */;
			compatibilityVersion = "Xcode 14.0";
			developmentRegion = en;
			hasScannedForEncodings = 0;
			knownRegions = (
				en,
				Base,
			);
			mainGroup = 88F1B9402C13BCE50040EF3D;
			packageReferences = (
			);
			productRefGroup = 88F1B94A2C13BCE50040EF3D /* Products */;
			projectDirPath = "";
			projectRoot = "";
			targets = (
				88F1B9482C13BCE50040EF3D /* ConfigBasedModalExample */,
			);
		};
/* End PBXProject section */

/* Begin PBXResourcesBuildPhase section */
		88F1B9472C13BCE50040EF3D /* Resources */ = {
			isa = PBXResourcesBuildPhase;
			buildActionMask = 2147483647;
			files = (
				88F1B9592C13BCE70040EF3D /* LaunchScreen.storyboard in Resources */,
				88F1B9562C13BCE70040EF3D /* Assets.xcassets in Resources */,
			);
			runOnlyForDeploymentPostprocessing = 0;
		};
/* End PBXResourcesBuildPhase section */

/* Begin PBXSourcesBuildPhase section */
		88F1B9452C13BCE50040EF3D /* Sources */ = {
			isa = PBXSourcesBuildPhase;
			buildActionMask = 2147483647;
			files = (
				88F1B9632C13BFA90040EF3D /* Route.swift in Sources */,
				88F1B9752C15E3D30040EF3D /* CardContentItem.swift in Sources */,
				88E238172C16612E00D09F3F /* ColorThemeConfig.swift in Sources */,
				88E238CB2C1D30B800D09F3F /* CardLabelValueDisplayItemConfig.swift in Sources */,
				88F1B96D2C13FD630040EF3D /* Colors.swift in Sources */,
				88F1B94D2C13BCE50040EF3D /* AppDelegate.swift in Sources */,
				88E238C72C1D132300D09F3F /* CardViewController.swift in Sources */,
				88F1B94F2C13BCE50040EF3D /* SceneDelegate.swift in Sources */,
				88E238C92C1D1A2100D09F3F /* CardLabelValueDisplayConfig.swift in Sources */,
				88F1B9652C13BFED0040EF3D /* Test01ViewController.swift in Sources */,
				88F1B9772C15E4050040EF3D /* CardConfig.swift in Sources */,
			);
			runOnlyForDeploymentPostprocessing = 0;
		};
/* End PBXSourcesBuildPhase section */

/* Begin PBXVariantGroup section */
		88F1B9572C13BCE70040EF3D /* LaunchScreen.storyboard */ = {
			isa = PBXVariantGroup;
			children = (
				88F1B9582C13BCE70040EF3D /* Base */,
			);
			name = LaunchScreen.storyboard;
			sourceTree = "<group>";
		};
/* End PBXVariantGroup section */

/* Begin XCBuildConfiguration section */
		88F1B95B2C13BCE70040EF3D /* Debug */ = {
			isa = XCBuildConfiguration;
			buildSettings = {
				ALWAYS_SEARCH_USER_PATHS = NO;
				ASSETCATALOG_COMPILER_GENERATE_SWIFT_ASSET_SYMBOL_EXTENSIONS = YES;
				CLANG_ANALYZER_NONNULL = YES;
				CLANG_ANALYZER_NUMBER_OBJECT_CONVERSION = YES_AGGRESSIVE;
				CLANG_CXX_LANGUAGE_STANDARD = "gnu++20";
				CLANG_ENABLE_MODULES = YES;
				CLANG_ENABLE_OBJC_ARC = YES;
				CLANG_ENABLE_OBJC_WEAK = YES;
				CLANG_WARN_BLOCK_CAPTURE_AUTORELEASING = YES;
				CLANG_WARN_BOOL_CONVERSION = YES;
				CLANG_WARN_COMMA = YES;
				CLANG_WARN_CONSTANT_CONVERSION = YES;
				CLANG_WARN_DEPRECATED_OBJC_IMPLEMENTATIONS = YES;
				CLANG_WARN_DIRECT_OBJC_ISA_USAGE = YES_ERROR;
				CLANG_WARN_DOCUMENTATION_COMMENTS = YES;
				CLANG_WARN_EMPTY_BODY = YES;
				CLANG_WARN_ENUM_CONVERSION = YES;
				CLANG_WARN_INFINITE_RECURSION = YES;
				CLANG_WARN_INT_CONVERSION = YES;
				CLANG_WARN_NON_LITERAL_NULL_CONVERSION = YES;
				CLANG_WARN_OBJC_IMPLICIT_RETAIN_SELF = YES;
				CLANG_WARN_OBJC_LITERAL_CONVERSION = YES;
				CLANG_WARN_OBJC_ROOT_CLASS = YES_ERROR;
				CLANG_WARN_QUOTED_INCLUDE_IN_FRAMEWORK_HEADER = YES;
				CLANG_WARN_RANGE_LOOP_ANALYSIS = YES;
				CLANG_WARN_STRICT_PROTOTYPES = YES;
				CLANG_WARN_SUSPICIOUS_MOVE = YES;
				CLANG_WARN_UNGUARDED_AVAILABILITY = YES_AGGRESSIVE;
				CLANG_WARN_UNREACHABLE_CODE = YES;
				CLANG_WARN__DUPLICATE_METHOD_MATCH = YES;
				COPY_PHASE_STRIP = NO;
				DEBUG_INFORMATION_FORMAT = dwarf;
				ENABLE_STRICT_OBJC_MSGSEND = YES;
				ENABLE_TESTABILITY = YES;
				ENABLE_USER_SCRIPT_SANDBOXING = YES;
				GCC_C_LANGUAGE_STANDARD = gnu17;
				GCC_DYNAMIC_NO_PIC = NO;
				GCC_NO_COMMON_BLOCKS = YES;
				GCC_OPTIMIZATION_LEVEL = 0;
				GCC_PREPROCESSOR_DEFINITIONS = (
					"DEBUG=1",
					"$(inherited)",
				);
				GCC_WARN_64_TO_32_BIT_CONVERSION = YES;
				GCC_WARN_ABOUT_RETURN_TYPE = YES_ERROR;
				GCC_WARN_UNDECLARED_SELECTOR = YES;
				GCC_WARN_UNINITIALIZED_AUTOS = YES_AGGRESSIVE;
				GCC_WARN_UNUSED_FUNCTION = YES;
				GCC_WARN_UNUSED_VARIABLE = YES;
				IPHONEOS_DEPLOYMENT_TARGET = 17.0;
				LOCALIZATION_PREFERS_STRING_CATALOGS = YES;
				MTL_ENABLE_DEBUG_INFO = INCLUDE_SOURCE;
				MTL_FAST_MATH = YES;
				ONLY_ACTIVE_ARCH = YES;
				SDKROOT = iphoneos;
				SWIFT_ACTIVE_COMPILATION_CONDITIONS = "DEBUG $(inherited)";
				SWIFT_OPTIMIZATION_LEVEL = "-Onone";
			};
			name = Debug;
		};
		88F1B95C2C13BCE70040EF3D /* Release */ = {
			isa = XCBuildConfiguration;
			buildSettings = {
				ALWAYS_SEARCH_USER_PATHS = NO;
				ASSETCATALOG_COMPILER_GENERATE_SWIFT_ASSET_SYMBOL_EXTENSIONS = YES;
				CLANG_ANALYZER_NONNULL = YES;
				CLANG_ANALYZER_NUMBER_OBJECT_CONVERSION = YES_AGGRESSIVE;
				CLANG_CXX_LANGUAGE_STANDARD = "gnu++20";
				CLANG_ENABLE_MODULES = YES;
				CLANG_ENABLE_OBJC_ARC = YES;
				CLANG_ENABLE_OBJC_WEAK = YES;
				CLANG_WARN_BLOCK_CAPTURE_AUTORELEASING = YES;
				CLANG_WARN_BOOL_CONVERSION = YES;
				CLANG_WARN_COMMA = YES;
				CLANG_WARN_CONSTANT_CONVERSION = YES;
				CLANG_WARN_DEPRECATED_OBJC_IMPLEMENTATIONS = YES;
				CLANG_WARN_DIRECT_OBJC_ISA_USAGE = YES_ERROR;
				CLANG_WARN_DOCUMENTATION_COMMENTS = YES;
				CLANG_WARN_EMPTY_BODY = YES;
				CLANG_WARN_ENUM_CONVERSION = YES;
				CLANG_WARN_INFINITE_RECURSION = YES;
				CLANG_WARN_INT_CONVERSION = YES;
				CLANG_WARN_NON_LITERAL_NULL_CONVERSION = YES;
				CLANG_WARN_OBJC_IMPLICIT_RETAIN_SELF = YES;
				CLANG_WARN_OBJC_LITERAL_CONVERSION = YES;
				CLANG_WARN_OBJC_ROOT_CLASS = YES_ERROR;
				CLANG_WARN_QUOTED_INCLUDE_IN_FRAMEWORK_HEADER = YES;
				CLANG_WARN_RANGE_LOOP_ANALYSIS = YES;
				CLANG_WARN_STRICT_PROTOTYPES = YES;
				CLANG_WARN_SUSPICIOUS_MOVE = YES;
				CLANG_WARN_UNGUARDED_AVAILABILITY = YES_AGGRESSIVE;
				CLANG_WARN_UNREACHABLE_CODE = YES;
				CLANG_WARN__DUPLICATE_METHOD_MATCH = YES;
				COPY_PHASE_STRIP = NO;
				DEBUG_INFORMATION_FORMAT = "dwarf-with-dsym";
				ENABLE_NS_ASSERTIONS = NO;
				ENABLE_STRICT_OBJC_MSGSEND = YES;
				ENABLE_USER_SCRIPT_SANDBOXING = YES;
				GCC_C_LANGUAGE_STANDARD = gnu17;
				GCC_NO_COMMON_BLOCKS = YES;
				GCC_WARN_64_TO_32_BIT_CONVERSION = YES;
				GCC_WARN_ABOUT_RETURN_TYPE = YES_ERROR;
				GCC_WARN_UNDECLARED_SELECTOR = YES;
				GCC_WARN_UNINITIALIZED_AUTOS = YES_AGGRESSIVE;
				GCC_WARN_UNUSED_FUNCTION = YES;
				GCC_WARN_UNUSED_VARIABLE = YES;
				IPHONEOS_DEPLOYMENT_TARGET = 17.0;
				LOCALIZATION_PREFERS_STRING_CATALOGS = YES;
				MTL_ENABLE_DEBUG_INFO = NO;
				MTL_FAST_MATH = YES;
				SDKROOT = iphoneos;
				SWIFT_COMPILATION_MODE = wholemodule;
				VALIDATE_PRODUCT = YES;
			};
			name = Release;
		};
		88F1B95E2C13BCE70040EF3D /* Debug */ = {
			isa = XCBuildConfiguration;
			buildSettings = {
				ASSETCATALOG_COMPILER_APPICON_NAME = AppIcon;
				ASSETCATALOG_COMPILER_GLOBAL_ACCENT_COLOR_NAME = AccentColor;
				CODE_SIGN_STYLE = Automatic;
				CURRENT_PROJECT_VERSION = 1;
				DEVELOPMENT_TEAM = ZC7A6XV8GR;
				GENERATE_INFOPLIST_FILE = YES;
				INFOPLIST_FILE = ConfigBasedModalExample/Info.plist;
				INFOPLIST_KEY_UIApplicationSupportsIndirectInputEvents = YES;
				INFOPLIST_KEY_UILaunchStoryboardName = LaunchScreen;
				INFOPLIST_KEY_UISupportedInterfaceOrientations_iPad = "UIInterfaceOrientationPortrait UIInterfaceOrientationPortraitUpsideDown UIInterfaceOrientationLandscapeLeft UIInterfaceOrientationLandscapeRight";
				INFOPLIST_KEY_UISupportedInterfaceOrientations_iPhone = "UIInterfaceOrientationPortrait UIInterfaceOrientationLandscapeLeft UIInterfaceOrientationLandscapeRight";
				IPHONEOS_DEPLOYMENT_TARGET = 13.0;
				LD_RUNPATH_SEARCH_PATHS = (
					"$(inherited)",
					"@executable_path/Frameworks",
				);
				MARKETING_VERSION = 1.0;
				PRODUCT_BUNDLE_IDENTIFIER = dev.dominicgo.ConfigBasedModalExample;
				PRODUCT_NAME = "$(TARGET_NAME)";
				SWIFT_EMIT_LOC_STRINGS = YES;
				SWIFT_VERSION = 5.0;
				TARGETED_DEVICE_FAMILY = "1,2";
			};
			name = Debug;
		};
		88F1B95F2C13BCE70040EF3D /* Release */ = {
			isa = XCBuildConfiguration;
			buildSettings = {
				ASSETCATALOG_COMPILER_APPICON_NAME = AppIcon;
				ASSETCATALOG_COMPILER_GLOBAL_ACCENT_COLOR_NAME = AccentColor;
				CODE_SIGN_STYLE = Automatic;
				CURRENT_PROJECT_VERSION = 1;
				DEVELOPMENT_TEAM = ZC7A6XV8GR;
				GENERATE_INFOPLIST_FILE = YES;
				INFOPLIST_FILE = ConfigBasedModalExample/Info.plist;
				INFOPLIST_KEY_UIApplicationSupportsIndirectInputEvents = YES;
				INFOPLIST_KEY_UILaunchStoryboardName = LaunchScreen;
				INFOPLIST_KEY_UISupportedInterfaceOrientations_iPad = "UIInterfaceOrientationPortrait UIInterfaceOrientationPortraitUpsideDown UIInterfaceOrientationLandscapeLeft UIInterfaceOrientationLandscapeRight";
				INFOPLIST_KEY_UISupportedInterfaceOrientations_iPhone = "UIInterfaceOrientationPortrait UIInterfaceOrientationLandscapeLeft UIInterfaceOrientationLandscapeRight";
				IPHONEOS_DEPLOYMENT_TARGET = 13.0;
				LD_RUNPATH_SEARCH_PATHS = (
					"$(inherited)",
					"@executable_path/Frameworks",
				);
				MARKETING_VERSION = 1.0;
				PRODUCT_BUNDLE_IDENTIFIER = dev.dominicgo.ConfigBasedModalExample;
				PRODUCT_NAME = "$(TARGET_NAME)";
				SWIFT_EMIT_LOC_STRINGS = YES;
				SWIFT_VERSION = 5.0;
				TARGETED_DEVICE_FAMILY = "1,2";
			};
			name = Release;
		};
/* End XCBuildConfiguration section */

/* Begin XCConfigurationList section */
		88F1B9442C13BCE50040EF3D /* Build configuration list for PBXProject "ConfigBasedModalExample" */ = {
			isa = XCConfigurationList;
			buildConfigurations = (
				88F1B95B2C13BCE70040EF3D /* Debug */,
				88F1B95C2C13BCE70040EF3D /* Release */,
			);
			defaultConfigurationIsVisible = 0;
			defaultConfigurationName = Release;
		};
		88F1B95D2C13BCE70040EF3D /* Build configuration list for PBXNativeTarget "ConfigBasedModalExample" */ = {
			isa = XCConfigurationList;
			buildConfigurations = (
				88F1B95E2C13BCE70040EF3D /* Debug */,
				88F1B95F2C13BCE70040EF3D /* Release */,
			);
			defaultConfigurationIsVisible = 0;
			defaultConfigurationName = Release;
		};
/* End XCConfigurationList section */

/* Begin XCSwiftPackageProductDependency section */
		88F1B9672C13C2030040EF3D /* ConfigBasedModal */ = {
			isa = XCSwiftPackageProductDependency;
			productName = ConfigBasedModal;
		};
/* End XCSwiftPackageProductDependency section */
	};
	rootObject = 88F1B9412C13BCE50040EF3D /* Project object */;
}
