{
  "pins" : [
    {
      "identity" : "computablelayout",
      "kind" : "remoteSourceControl",
      "location" : "https://github.com/dominicstop/ComputableLayout",
      "state" : {
        "revision" : "b9f9301497e23f18cd61d92c37ab1f9f65ce95b3",
        "version" : "0.7.0"
      }
    },
    {
      "identity" : "dgswiftutilities",
      "kind" : "remoteSourceControl",
      "location" : "https://github.com/dominicstop/DGSwiftUtilities",
      "state" : {
        "revision" : "a2ad11590b7484aacc45a6b566b0d69ee2ce6b63",
        "version" : "0.22.0"
      }
    },
    {
      "identity" : "visualeffectblurview",
      "kind" : "remoteSourceControl",
      "location" : "https://github.com/dominicstop/VisualEffectBlurView",
      "state" : {
        "revision" : "a001b2d658713d5b5b443ba9d926b4867df3fa8a",
        "version" : "1.2.1"
      }
    }
  ],
  "version" : 2
}
